// !$*UTF8*$!
{
	archiveVersion = 1;
	classes = {
	};
	objectVersion = 46;
	objects = {

/* Begin PBXBuildFile section */
		6F1BCD5D1848F8B000B917F3 /* main.cpp in Sources */ = {isa = PBXBuildFile; fileRef = 6F1BCD5C1848F8B000B917F3 /* main.cpp */; };
		6F1BCD5F1848F8B000B917F3 /* A.1 in CopyFiles */ = {isa = PBXBuildFile; fileRef = 6F1BCD5E1848F8B000B917F3 /* A.1 */; };
/* End PBXBuildFile section */

/* Begin PBXCopyFilesBuildPhase section */
		6F1BCD561848F8B000B917F3 /* CopyFiles */ = {
			isa = PBXCopyFilesBuildPhase;
			buildActionMask = 2147483647;
			dstPath = /usr/share/man/man1/;
			dstSubfolderSpec = 0;
			files = (
				6F1BCD5F1848F8B000B917F3 /* A.1 in CopyFiles */,
			);
			runOnlyForDeploymentPostprocessing = 1;
		};
/* End PBXCopyFilesBuildPhase section */

/* Begin PBXFileReference section */
		6F1BCD581848F8B000B917F3 /* A */ = {isa = PBXFileReference; explicitFileType = "compiled.mach-o.executable"; includeInIndex = 0; path = A; sourceTree = BUILT_PRODUCTS_DIR; };
		6F1BCD5C1848F8B000B917F3 /* main.cpp */ = {isa = PBXFileReference; lastKnownFileType = sourcecode.cpp.cpp; path = main.cpp; sourceTree = "<group>"; };
		6F1BCD5E1848F8B000B917F3 /* A.1 */ = {isa = PBXFileReference; lastKnownFileType = text.man; path = A.1; sourceTree = "<group>"; };
/* End PBXFileReference section */

/* Begin PBXFrameworksBuildPhase section */
		6F1BCD551848F8B000B917F3 /* Frameworks */ = {
			isa = PBXFrameworksBuildPhase;
			buildActionMask = 2147483647;
			files = (
			);
			runOnlyForDeploymentPostprocessing = 0;
		};
/* End PBXFrameworksBuildPhase section */

/* Begin PBXGroup section */
		6F1BCD4D1848F8AF00B917F3 = {
			isa = PBXGroup;
			children = (
				6F1BCD5B1848F8B000B917F3 /* A */,
				6F1BCD591848F8B000B917F3 /* Products */,
			);
			sourceTree = "<group>";
		};
		6F1BCD591848F8B000B917F3 /* Products */ = {
			isa = PBXGroup;
			children = (
				6F1BCD581848F8B000B917F3 /* A */,
			);
			name = Products;
			sourceTree = "<group>";
		};
		6F1BCD5B1848F8B000B917F3 /* A */ = {
			isa = PBXGroup;
			children = (
				6F1BCD5C1848F8B000B917F3 /* main.cpp */,
				6F1BCD5E1848F8B000B917F3 /* A.1 */,
			);
			path = A;
			sourceTree = "<group>";
		};
/* End PBXGroup section */

/* Begin PBXNativeTarget section */
		6F1BCD571848F8B000B917F3 /* A */ = {
			isa = PBXNativeTarget;
			buildConfigurationList = 6F1BCD621848F8B000B917F3 /* Build configuration list for PBXNativeTarget "A" */;
			buildPhases = (
				6F1BCD541848F8B000B917F3 /* Sources */,
				6F1BCD551848F8B000B917F3 /* Frameworks */,
				6F1BCD561848F8B000B917F3 /* CopyFiles */,
			);
			buildRules = (
			);
			dependencies = (
			);
			name = A;
			productName = A;
			productReference = 6F1BCD581848F8B000B917F3 /* A */;
			productType = "com.apple.product-type.tool";
		};
/* End PBXNativeTarget section */

/* Begin PBXProject section */
		6F1BCD4F1848F8AF00B917F3 /* Project object */ = {
			isa = PBXProject;
			attributes = {
				LastUpgradeCheck = 0420;
				ORGANIZATIONNAME = "viteg34@mail.ru";
			};
			buildConfigurationList = 6F1BCD521848F8B000B917F3 /* Build configuration list for PBXProject "A" */;
			compatibilityVersion = "Xcode 3.2";
			developmentRegion = English;
			hasScannedForEncodings = 0;
			knownRegions = (
				en,
			);
			mainGroup = 6F1BCD4D1848F8AF00B917F3;
			productRefGroup = 6F1BCD591848F8B000B917F3 /* Products */;
			projectDirPath = "";
			projectRoot = "";
			targets = (
				6F1BCD571848F8B000B917F3 /* A */,
			);
		};
/* End PBXProject section */

/* Begin PBXSourcesBuildPhase section */
		6F1BCD541848F8B000B917F3 /* Sources */ = {
			isa = PBXSourcesBuildPhase;
			buildActionMask = 2147483647;
			files = (
				6F1BCD5D1848F8B000B917F3 /* main.cpp in Sources */,
			);
			runOnlyForDeploymentPostprocessing = 0;
		};
/* End PBXSourcesBuildPhase section */

/* Begin XCBuildConfiguration section */
		6F1BCD601848F8B000B917F3 /* Debug */ = {
			isa = XCBuildConfiguration;
			buildSettings = {
				ALWAYS_SEARCH_USER_PATHS = NO;
				ARCHS = "$(ARCHS_STANDARD_64_BIT)";
				CLANG_ENABLE_OBJC_ARC = YES;
				COPY_PHASE_STRIP = NO;
				GCC_C_LANGUAGE_STANDARD = gnu99;
				GCC_DYNAMIC_NO_PIC = NO;
				GCC_ENABLE_OBJC_EXCEPTIONS = YES;
				GCC_OPTIMIZATION_LEVEL = 0;
				GCC_PREPROCESSOR_DEFINITIONS = (
					"DEBUG=1",
					"$(inherited)",
				);
				GCC_SYMBOLS_PRIVATE_EXTERN = NO;
				GCC_VERSION = com.apple.compilers.llvm.clang.1_0;
				GCC_WARN_64_TO_32_BIT_CONVERSION = YES;
				GCC_WARN_ABOUT_MISSING_PROTOTYPES = YES;
				GCC_WARN_ABOUT_RETURN_TYPE = YES;
				GCC_WARN_UNUSED_VARIABLE = YES;
				MACOSX_DEPLOYMENT_TARGET = 10.7;
				ONLY_ACTIVE_ARCH = YES;
				SDKROOT = macosx;
			};
			name = Debug;
		};
		6F1BCD611848F8B000B917F3 /* Release */ = {
			isa = XCBuildConfiguration;
			buildSettings = {
				ALWAYS_SEARCH_USER_PATHS = NO;
				ARCHS = "$(ARCHS_STANDARD_64_BIT)";
				CLANG_ENABLE_OBJC_ARC = YES;
				COPY_PHASE_STRIP = YES;
				DEBUG_INFORMATION_FORMAT = "dwarf-with-dsym";
				GCC_C_LANGUAGE_STANDARD = gnu99;
				GCC_ENABLE_OBJC_EXCEPTIONS = YES;
				GCC_VERSION = com.apple.compilers.llvm.clang.1_0;
				GCC_WARN_64_TO_32_BIT_CONVERSION = YES;
				GCC_WARN_ABOUT_MISSING_PROTOTYPES = YES;
				GCC_WARN_ABOUT_RETURN_TYPE = YES;
				GCC_WARN_UNUSED_VARIABLE = YES;
				MACOSX_DEPLOYMENT_TARGET = 10.7;
				SDKROOT = macosx;
			};
			name = Release;
		};
		6F1BCD631848F8B000B917F3 /* Debug */ = {
			isa = XCBuildConfiguration;
			buildSettings = {
				PRODUCT_NAME = "$(TARGET_NAME)";
			};
			name = Debug;
		};
		6F1BCD641848F8B000B917F3 /* Release */ = {
			isa = XCBuildConfiguration;
			buildSettings = {
				PRODUCT_NAME = "$(TARGET_NAME)";
			};
			name = Release;
		};
/* End XCBuildConfiguration section */

/* Begin XCConfigurationList section */
		6F1BCD521848F8B000B917F3 /* Build configuration list for PBXProject "A" */ = {
			isa = XCConfigurationList;
			buildConfigurations = (
				6F1BCD601848F8B000B917F3 /* Debug */,
				6F1BCD611848F8B000B917F3 /* Release */,
			);
			defaultConfigurationIsVisible = 0;
			defaultConfigurationName = Release;
		};
		6F1BCD621848F8B000B917F3 /* Build configuration list for PBXNativeTarget "A" */ = {
			isa = XCConfigurationList;
			buildConfigurations = (
				6F1BCD631848F8B000B917F3 /* Debug */,
				6F1BCD641848F8B000B917F3 /* Release */,
			);
			defaultConfigurationIsVisible = 0;
		};
/* End XCConfigurationList section */
	};
	rootObject = 6F1BCD4F1848F8AF00B917F3 /* Project object */;
}
